
Microsoft Visual Studio Solution File, Format Version 12.00
# Visual Studio Version 17
VisualStudioVersion = 17.11.35303.130
MinimumVisualStudioVersion = 10.0.40219.1
Project("{2150E333-8FDC-42A3-9474-1A3956D46DE8}") = "Task0", "Task0", "{0C999DFE-8A6F-40BF-8F52-BEC8E4D81A0B}"
EndProject
Project("{9A19103F-16F7-4668-BE54-9A1E7A4F7556}") = "Tyuiu.ChigurovMV.Sprint3.Task0.V22", "Tyuiu.ChigurovMV.Sprint3.Task0.V22\Tyuiu.ChigurovMV.Sprint3.Task0.V22.csproj", "{AD7F9168-BBFB-4506-AB19-56F2EBFF6D5E}"
EndProject
Project("{9A19103F-16F7-4668-BE54-9A1E7A4F7556}") = "Tyuiu.ChigurovMV.Sprint3.Task0.V22.Lib", "Tyuiu.ChigurovMV.Sprint3.Task0.V22.Lib\Tyuiu.ChigurovMV.Sprint3.Task0.V22.Lib.csproj", "{3C8F1BCE-95FD-49F9-ACFB-789C19CA1DA3}"
EndProject
Project("{9A19103F-16F7-4668-BE54-9A1E7A4F7556}") = "Tyuiu.ChigurovMV.Sprint3.Task0.V22.Test", "Tyuiu.ChigurovMV.Sprint3.Task0.V22.Test\Tyuiu.ChigurovMV.Sprint3.Task0.V22.Test.csproj", "{0029EE4E-0A47-4589-A869-5DA3DD03DF89}"
EndProject
Project("{9A19103F-16F7-4668-BE54-9A1E7A4F7556}") = "ConsoleApp2", "ConsoleApp2\ConsoleApp2.csproj", "{CC914BB0-19EA-4727-A456-53BCD002BF8E}"
EndProject
Project("{2150E333-8FDC-42A3-9474-1A3956D46DE8}") = "Task1", "Task1", "{30D84E3F-E7EC-4F3E-A313-970980920F7F}"
EndProject
Project("{9A19103F-16F7-4668-BE54-9A1E7A4F7556}") = "Tyuiu.ChigurovMV.Sprint3.Task1.V16", "Tyuiu.ChigurovMV.Sprint3.Task1.V16\Tyuiu.ChigurovMV.Sprint3.Task1.V16.csproj", "{4DFB2F2B-8CB4-4A53-909F-CFA9559AC317}"
EndProject
Project("{9A19103F-16F7-4668-BE54-9A1E7A4F7556}") = "Tyuiu.ChigurovMV.Sprint3.Task1.V16.Test", "Tyuiu.ChigurovMV.Sprint3.Task1.V16.Test\Tyuiu.ChigurovMV.Sprint3.Task1.V16.Test.csproj", "{BBEFBAE9-FF78-45DB-B86C-A19306334657}"
EndProject
Project("{9A19103F-16F7-4668-BE54-9A1E7A4F7556}") = "Tyuiu.ChigurovMV.Sprint3.Task1.V16.Lib", "Tyuiu.ChigurovMV.Sprint3.Task1.V16.Lib\Tyuiu.ChigurovMV.Sprint3.Task1.V16.Lib.csproj", "{97D65172-80A6-4210-A9F9-821AE7672363}"
EndProject
Project("{2150E333-8FDC-42A3-9474-1A3956D46DE8}") = "Task2", "Task2", "{1C08F8ED-E633-4DA7-8B01-000C2CBC6182}"
EndProject
Project("{9A19103F-16F7-4668-BE54-9A1E7A4F7556}") = "Tyuiu.ChigurovMV.Sprint3.Task2.V15", "Tyuiu.ChigurovMV.Sprint3.Task2.V15\Tyuiu.ChigurovMV.Sprint3.Task2.V15.csproj", "{4F6FB347-5C47-4EA6-B0AB-72AF00D770F5}"
EndProject
Project("{9A19103F-16F7-4668-BE54-9A1E7A4F7556}") = "Tyuiu.ChigurovMV.Sprint3.Task2.V15.Lib", "Tyuiu.ChigurovMV.Sprint3.Task2.V15.Lib\Tyuiu.ChigurovMV.Sprint3.Task2.V15.Lib.csproj", "{DD99BEC4-487A-4737-A1E1-4B7ED0B99066}"
EndProject
Project("{9A19103F-16F7-4668-BE54-9A1E7A4F7556}") = "Tyuiu.ChigurovMV.Sprint3.Task2.V15.Test", "Tyuiu.ChigurovMV.Sprint3.Task2.V15.Test\Tyuiu.ChigurovMV.Sprint3.Task2.V15.Test.csproj", "{51A1DAD3-126C-4C55-816E-DB76B3DFFC05}"
EndProject
Project("{2150E333-8FDC-42A3-9474-1A3956D46DE8}") = "Task3", "Task3", "{D581AA9D-9464-491A-AEE4-3D20FBF93FC7}"
EndProject
Project("{FAE04EC0-301F-11D3-BF4B-00C04F79EFBC}") = "Tyuiu.ChigurovMV.Sprint3.Task3.V8", "Tyuiu.ChigurovMV.Sprint3.Task3.V8\Tyuiu.ChigurovMV.Sprint3.Task3.V8.csproj", "{5F34650D-AFE9-449F-9304-2E1B1574D3B6}"
EndProject
Project("{FAE04EC0-301F-11D3-BF4B-00C04F79EFBC}") = "Tyuiu.ChigurovMV.Sprint3.Task3.V8.Test", "Tyuiu.ChigurovMV.Sprint3.Task3.V8.Test\Tyuiu.ChigurovMV.Sprint3.Task3.V8.Test.csproj", "{018C5DC9-7BBA-4887-B713-F6EE1513C5A1}"
EndProject
Project("{FAE04EC0-301F-11D3-BF4B-00C04F79EFBC}") = "Tyuiu.ChigurovMV.Sprint3.Task3.V8.Lib", "Tyuiu.ChigurovMV.Sprint3.Task3.V8.Lib\Tyuiu.ChigurovMV.Sprint3.Task3.V8.Lib.csproj", "{B6968EF5-E35C-4F97-8EDC-2318E56302D5}"
EndProject
Project("{2150E333-8FDC-42A3-9474-1A3956D46DE8}") = "Task4", "Task4", "{94BED213-9E74-439B-8BD3-FB887D02A619}"
EndProject
Project("{FAE04EC0-301F-11D3-BF4B-00C04F79EFBC}") = "Tyuiu.ChigurovMV.Sprint3.Task4.V6", "Tyuiu.ChigurovMV.Sprint3.Task4.V6\Tyuiu.ChigurovMV.Sprint3.Task4.V6.csproj", "{809E4B46-3C28-44DE-BF35-4DD4CC6D7A16}"
EndProject
Project("{FAE04EC0-301F-11D3-BF4B-00C04F79EFBC}") = "Tyuiu.ChigurovMV.Sprint3.Task4.V6.Lib", "Tyuiu.ChigurovMV.Sprint3.Task4.V6.Lib\Tyuiu.ChigurovMV.Sprint3.Task4.V6.Lib.csproj", "{EAC39EBA-5DA1-45B2-9FF4-31FCBE556C53}"
EndProject
Project("{FAE04EC0-301F-11D3-BF4B-00C04F79EFBC}") = "Tyuiu.ChigurovMV.Sprint3.Task4.V6.Test", "Tyuiu.ChigurovMV.Sprint3.Task4.V6.Test\Tyuiu.ChigurovMV.Sprint3.Task4.V6.Test.csproj", "{E356DC33-94D8-425C-AB59-75B7BC9CFA5B}"
EndProject
Global
	GlobalSection(SolutionConfigurationPlatforms) = preSolution
		Debug|Any CPU = Debug|Any CPU
		Release|Any CPU = Release|Any CPU
	EndGlobalSection
	GlobalSection(ProjectConfigurationPlatforms) = postSolution
		{AD7F9168-BBFB-4506-AB19-56F2EBFF6D5E}.Debug|Any CPU.ActiveCfg = Debug|Any CPU
		{AD7F9168-BBFB-4506-AB19-56F2EBFF6D5E}.Debug|Any CPU.Build.0 = Debug|Any CPU
		{AD7F9168-BBFB-4506-AB19-56F2EBFF6D5E}.Release|Any CPU.ActiveCfg = Release|Any CPU
		{AD7F9168-BBFB-4506-AB19-56F2EBFF6D5E}.Release|Any CPU.Build.0 = Release|Any CPU
		{3C8F1BCE-95FD-49F9-ACFB-789C19CA1DA3}.Debug|Any CPU.ActiveCfg = Debug|Any CPU
		{3C8F1BCE-95FD-49F9-ACFB-789C19CA1DA3}.Debug|Any CPU.Build.0 = Debug|Any CPU
		{3C8F1BCE-95FD-49F9-ACFB-789C19CA1DA3}.Release|Any CPU.ActiveCfg = Release|Any CPU
		{3C8F1BCE-95FD-49F9-ACFB-789C19CA1DA3}.Release|Any CPU.Build.0 = Release|Any CPU
		{0029EE4E-0A47-4589-A869-5DA3DD03DF89}.Debug|Any CPU.ActiveCfg = Debug|Any CPU
		{0029EE4E-0A47-4589-A869-5DA3DD03DF89}.Debug|Any CPU.Build.0 = Debug|Any CPU
		{0029EE4E-0A47-4589-A869-5DA3DD03DF89}.Release|Any CPU.ActiveCfg = Release|Any CPU
		{0029EE4E-0A47-4589-A869-5DA3DD03DF89}.Release|Any CPU.Build.0 = Release|Any CPU
		{CC914BB0-19EA-4727-A456-53BCD002BF8E}.Debug|Any CPU.ActiveCfg = Debug|Any CPU
		{CC914BB0-19EA-4727-A456-53BCD002BF8E}.Debug|Any CPU.Build.0 = Debug|Any CPU
		{CC914BB0-19EA-4727-A456-53BCD002BF8E}.Release|Any CPU.ActiveCfg = Release|Any CPU
		{CC914BB0-19EA-4727-A456-53BCD002BF8E}.Release|Any CPU.Build.0 = Release|Any CPU
		{4DFB2F2B-8CB4-4A53-909F-CFA9559AC317}.Debug|Any CPU.ActiveCfg = Debug|Any CPU
		{4DFB2F2B-8CB4-4A53-909F-CFA9559AC317}.Debug|Any CPU.Build.0 = Debug|Any CPU
		{4DFB2F2B-8CB4-4A53-909F-CFA9559AC317}.Release|Any CPU.ActiveCfg = Release|Any CPU
		{4DFB2F2B-8CB4-4A53-909F-CFA9559AC317}.Release|Any CPU.Build.0 = Release|Any CPU
		{BBEFBAE9-FF78-45DB-B86C-A19306334657}.Debug|Any CPU.ActiveCfg = Debug|Any CPU
		{BBEFBAE9-FF78-45DB-B86C-A19306334657}.Debug|Any CPU.Build.0 = Debug|Any CPU
		{BBEFBAE9-FF78-45DB-B86C-A19306334657}.Release|Any CPU.ActiveCfg = Release|Any CPU
		{BBEFBAE9-FF78-45DB-B86C-A19306334657}.Release|Any CPU.Build.0 = Release|Any CPU
		{97D65172-80A6-4210-A9F9-821AE7672363}.Debug|Any CPU.ActiveCfg = Debug|Any CPU
		{97D65172-80A6-4210-A9F9-821AE7672363}.Debug|Any CPU.Build.0 = Debug|Any CPU
		{97D65172-80A6-4210-A9F9-821AE7672363}.Release|Any CPU.ActiveCfg = Release|Any CPU
		{97D65172-80A6-4210-A9F9-821AE7672363}.Release|Any CPU.Build.0 = Release|Any CPU
		{4F6FB347-5C47-4EA6-B0AB-72AF00D770F5}.Debug|Any CPU.ActiveCfg = Debug|Any CPU
		{4F6FB347-5C47-4EA6-B0AB-72AF00D770F5}.Debug|Any CPU.Build.0 = Debug|Any CPU
		{4F6FB347-5C47-4EA6-B0AB-72AF00D770F5}.Release|Any CPU.ActiveCfg = Release|Any CPU
		{4F6FB347-5C47-4EA6-B0AB-72AF00D770F5}.Release|Any CPU.Build.0 = Release|Any CPU
		{DD99BEC4-487A-4737-A1E1-4B7ED0B99066}.Debug|Any CPU.ActiveCfg = Debug|Any CPU
		{DD99BEC4-487A-4737-A1E1-4B7ED0B99066}.Debug|Any CPU.Build.0 = Debug|Any CPU
		{DD99BEC4-487A-4737-A1E1-4B7ED0B99066}.Release|Any CPU.ActiveCfg = Release|Any CPU
		{DD99BEC4-487A-4737-A1E1-4B7ED0B99066}.Release|Any CPU.Build.0 = Release|Any CPU
		{51A1DAD3-126C-4C55-816E-DB76B3DFFC05}.Debug|Any CPU.ActiveCfg = Debug|Any CPU
		{51A1DAD3-126C-4C55-816E-DB76B3DFFC05}.Debug|Any CPU.Build.0 = Debug|Any CPU
		{51A1DAD3-126C-4C55-816E-DB76B3DFFC05}.Release|Any CPU.ActiveCfg = Release|Any CPU
		{51A1DAD3-126C-4C55-816E-DB76B3DFFC05}.Release|Any CPU.Build.0 = Release|Any CPU
		{5F34650D-AFE9-449F-9304-2E1B1574D3B6}.Debug|Any CPU.ActiveCfg = Debug|Any CPU
		{5F34650D-AFE9-449F-9304-2E1B1574D3B6}.Debug|Any CPU.Build.0 = Debug|Any CPU
		{5F34650D-AFE9-449F-9304-2E1B1574D3B6}.Release|Any CPU.ActiveCfg = Release|Any CPU
		{5F34650D-AFE9-449F-9304-2E1B1574D3B6}.Release|Any CPU.Build.0 = Release|Any CPU
		{018C5DC9-7BBA-4887-B713-F6EE1513C5A1}.Debug|Any CPU.ActiveCfg = Debug|Any CPU
		{018C5DC9-7BBA-4887-B713-F6EE1513C5A1}.Debug|Any CPU.Build.0 = Debug|Any CPU
		{018C5DC9-7BBA-4887-B713-F6EE1513C5A1}.Release|Any CPU.ActiveCfg = Release|Any CPU
		{018C5DC9-7BBA-4887-B713-F6EE1513C5A1}.Release|Any CPU.Build.0 = Release|Any CPU
		{B6968EF5-E35C-4F97-8EDC-2318E56302D5}.Debug|Any CPU.ActiveCfg = Debug|Any CPU
		{B6968EF5-E35C-4F97-8EDC-2318E56302D5}.Debug|Any CPU.Build.0 = Debug|Any CPU
		{B6968EF5-E35C-4F97-8EDC-2318E56302D5}.Release|Any CPU.ActiveCfg = Release|Any CPU
		{B6968EF5-E35C-4F97-8EDC-2318E56302D5}.Release|Any CPU.Build.0 = Release|Any CPU
		{809E4B46-3C28-44DE-BF35-4DD4CC6D7A16}.Debug|Any CPU.ActiveCfg = Debug|Any CPU
		{809E4B46-3C28-44DE-BF35-4DD4CC6D7A16}.Debug|Any CPU.Build.0 = Debug|Any CPU
		{809E4B46-3C28-44DE-BF35-4DD4CC6D7A16}.Release|Any CPU.ActiveCfg = Release|Any CPU
		{809E4B46-3C28-44DE-BF35-4DD4CC6D7A16}.Release|Any CPU.Build.0 = Release|Any CPU
		{EAC39EBA-5DA1-45B2-9FF4-31FCBE556C53}.Debug|Any CPU.ActiveCfg = Debug|Any CPU
		{EAC39EBA-5DA1-45B2-9FF4-31FCBE556C53}.Debug|Any CPU.Build.0 = Debug|Any CPU
		{EAC39EBA-5DA1-45B2-9FF4-31FCBE556C53}.Release|Any CPU.ActiveCfg = Release|Any CPU
		{EAC39EBA-5DA1-45B2-9FF4-31FCBE556C53}.Release|Any CPU.Build.0 = Release|Any CPU
		{E356DC33-94D8-425C-AB59-75B7BC9CFA5B}.Debug|Any CPU.ActiveCfg = Debug|Any CPU
		{E356DC33-94D8-425C-AB59-75B7BC9CFA5B}.Debug|Any CPU.Build.0 = Debug|Any CPU
		{E356DC33-94D8-425C-AB59-75B7BC9CFA5B}.Release|Any CPU.ActiveCfg = Release|Any CPU
		{E356DC33-94D8-425C-AB59-75B7BC9CFA5B}.Release|Any CPU.Build.0 = Release|Any CPU
	EndGlobalSection
	GlobalSection(SolutionProperties) = preSolution
		HideSolutionNode = FALSE
	EndGlobalSection
	GlobalSection(NestedProjects) = preSolution
		{AD7F9168-BBFB-4506-AB19-56F2EBFF6D5E} = {0C999DFE-8A6F-40BF-8F52-BEC8E4D81A0B}
		{3C8F1BCE-95FD-49F9-ACFB-789C19CA1DA3} = {0C999DFE-8A6F-40BF-8F52-BEC8E4D81A0B}
		{0029EE4E-0A47-4589-A869-5DA3DD03DF89} = {0C999DFE-8A6F-40BF-8F52-BEC8E4D81A0B}
		{4DFB2F2B-8CB4-4A53-909F-CFA9559AC317} = {30D84E3F-E7EC-4F3E-A313-970980920F7F}
		{BBEFBAE9-FF78-45DB-B86C-A19306334657} = {30D84E3F-E7EC-4F3E-A313-970980920F7F}
		{97D65172-80A6-4210-A9F9-821AE7672363} = {30D84E3F-E7EC-4F3E-A313-970980920F7F}
		{4F6FB347-5C47-4EA6-B0AB-72AF00D770F5} = {1C08F8ED-E633-4DA7-8B01-000C2CBC6182}
		{DD99BEC4-487A-4737-A1E1-4B7ED0B99066} = {1C08F8ED-E633-4DA7-8B01-000C2CBC6182}
		{51A1DAD3-126C-4C55-816E-DB76B3DFFC05} = {1C08F8ED-E633-4DA7-8B01-000C2CBC6182}
		{5F34650D-AFE9-449F-9304-2E1B1574D3B6} = {D581AA9D-9464-491A-AEE4-3D20FBF93FC7}
		{018C5DC9-7BBA-4887-B713-F6EE1513C5A1} = {D581AA9D-9464-491A-AEE4-3D20FBF93FC7}
		{B6968EF5-E35C-4F97-8EDC-2318E56302D5} = {D581AA9D-9464-491A-AEE4-3D20FBF93FC7}
		{809E4B46-3C28-44DE-BF35-4DD4CC6D7A16} = {94BED213-9E74-439B-8BD3-FB887D02A619}
		{EAC39EBA-5DA1-45B2-9FF4-31FCBE556C53} = {94BED213-9E74-439B-8BD3-FB887D02A619}
		{E356DC33-94D8-425C-AB59-75B7BC9CFA5B} = {94BED213-9E74-439B-8BD3-FB887D02A619}
	EndGlobalSection
	GlobalSection(ExtensibilityGlobals) = postSolution
		SolutionGuid = {6A565DA1-D6DA-4574-A3E6-0AD6641B4404}
	EndGlobalSection
EndGlobal
